// !$*UTF8*$!
{
	archiveVersion = 1;
	classes = {
	};
	objectVersion = 52;
	objects = {

/* Begin PBXBuildFile section */
		A001849724F31F5C00502E7E /* XcodeSwiftUICanvasDemo.swift in Sources */ = {isa = PBXBuildFile; fileRef = A001849624F31F5C00502E7E /* XcodeSwiftUICanvasDemo.swift */; };
		A001849824F31F5C00502E7E /* XcodeSwiftUICanvasDemo.swift in Sources */ = {isa = PBXBuildFile; fileRef = A001849624F31F5C00502E7E /* XcodeSwiftUICanvasDemo.swift */; };
		A001849924F31F5C00502E7E /* XcodeSwiftUICanvasDemo.swift in Sources */ = {isa = PBXBuildFile; fileRef = A001849624F31F5C00502E7E /* XcodeSwiftUICanvasDemo.swift */; };
		A019659E24F21323000F6030 /* Assets.xcassets in Resources */ = {isa = PBXBuildFile; fileRef = A019659D24F21323000F6030 /* Assets.xcassets */; };
		A01965A524F21323000F6030 /* LegolasDemo Extension.appex in Embed App Extensions */ = {isa = PBXBuildFile; fileRef = A01965A424F21323000F6030 /* LegolasDemo Extension.appex */; settings = {ATTRIBUTES = (RemoveHeadersOnCopy, ); }; };
		A01965AA24F21323000F6030 /* ForCreatorsApp.swift in Sources */ = {isa = PBXBuildFile; fileRef = A01965A924F21323000F6030 /* ForCreatorsApp.swift */; };
		A01965AC24F21323000F6030 /* ContentView.swift in Sources */ = {isa = PBXBuildFile; fileRef = A01965AB24F21323000F6030 /* ContentView.swift */; };
		A01965AE24F21323000F6030 /* NotificationController.swift in Sources */ = {isa = PBXBuildFile; fileRef = A01965AD24F21323000F6030 /* NotificationController.swift */; };
		A01965B024F21323000F6030 /* NotificationView.swift in Sources */ = {isa = PBXBuildFile; fileRef = A01965AF24F21323000F6030 /* NotificationView.swift */; };
		A01965B224F21323000F6030 /* ComplicationController.swift in Sources */ = {isa = PBXBuildFile; fileRef = A01965B124F21323000F6030 /* ComplicationController.swift */; };
		A01965B424F21324000F6030 /* Assets.xcassets in Resources */ = {isa = PBXBuildFile; fileRef = A01965B324F21324000F6030 /* Assets.xcassets */; };
		A01965B724F21324000F6030 /* Preview Assets.xcassets in Resources */ = {isa = PBXBuildFile; fileRef = A01965B624F21324000F6030 /* Preview Assets.xcassets */; };
		A01965BC24F21324000F6030 /* LegolasDemo.app in Embed Watch Content */ = {isa = PBXBuildFile; fileRef = A019659B24F21322000F6030 /* LegolasDemo.app */; platformFilter = ios; settings = {ATTRIBUTES = (RemoveHeadersOnCopy, ); }; };
		A01965C824F2158E000F6030 /* AccentColorDemo.swift in Sources */ = {isa = PBXBuildFile; fileRef = A050C21324EDA5A4006C11D2 /* AccentColorDemo.swift */; };
		A01965CB24F218AF000F6030 /* ContentView.swift in Sources */ = {isa = PBXBuildFile; fileRef = A01965AB24F21323000F6030 /* ContentView.swift */; };
		A01965CC24F218AF000F6030 /* ContentView.swift in Sources */ = {isa = PBXBuildFile; fileRef = A01965AB24F21323000F6030 /* ContentView.swift */; };
		A01965CE24F23D5C000F6030 /* DrinkWaterDemo.swift in Sources */ = {isa = PBXBuildFile; fileRef = A01965CD24F23D5C000F6030 /* DrinkWaterDemo.swift */; };
		A01965CF24F23D5C000F6030 /* DrinkWaterDemo.swift in Sources */ = {isa = PBXBuildFile; fileRef = A01965CD24F23D5C000F6030 /* DrinkWaterDemo.swift */; };
		A01965D024F23D5C000F6030 /* DrinkWaterDemo.swift in Sources */ = {isa = PBXBuildFile; fileRef = A01965CD24F23D5C000F6030 /* DrinkWaterDemo.swift */; };
		A050C1F224EDA585006C11D2 /* Tests_iOS.swift in Sources */ = {isa = PBXBuildFile; fileRef = A050C1F124EDA585006C11D2 /* Tests_iOS.swift */; };
		A050C1FD24EDA585006C11D2 /* Tests_macOS.swift in Sources */ = {isa = PBXBuildFile; fileRef = A050C1FC24EDA585006C11D2 /* Tests_macOS.swift */; };
		A050C1FF24EDA585006C11D2 /* ForCreatorsMainApp.swift in Sources */ = {isa = PBXBuildFile; fileRef = A050C1D624EDA583006C11D2 /* ForCreatorsMainApp.swift */; };
		A050C20024EDA585006C11D2 /* ForCreatorsMainApp.swift in Sources */ = {isa = PBXBuildFile; fileRef = A050C1D624EDA583006C11D2 /* ForCreatorsMainApp.swift */; };
		A050C20124EDA585006C11D2 /* MainView.swift in Sources */ = {isa = PBXBuildFile; fileRef = A050C1D724EDA583006C11D2 /* MainView.swift */; };
		A050C20224EDA585006C11D2 /* MainView.swift in Sources */ = {isa = PBXBuildFile; fileRef = A050C1D724EDA583006C11D2 /* MainView.swift */; };
		A050C20324EDA585006C11D2 /* Assets.xcassets in Resources */ = {isa = PBXBuildFile; fileRef = A050C1D824EDA585006C11D2 /* Assets.xcassets */; };
		A050C20424EDA585006C11D2 /* Assets.xcassets in Resources */ = {isa = PBXBuildFile; fileRef = A050C1D824EDA585006C11D2 /* Assets.xcassets */; };
		A050C21424EDA5A4006C11D2 /* AccentColorDemo.swift in Sources */ = {isa = PBXBuildFile; fileRef = A050C21324EDA5A4006C11D2 /* AccentColorDemo.swift */; };
		A050C21524EDA5A4006C11D2 /* AccentColorDemo.swift in Sources */ = {isa = PBXBuildFile; fileRef = A050C21324EDA5A4006C11D2 /* AccentColorDemo.swift */; };
/* End PBXBuildFile section */

/* Begin PBXContainerItemProxy section */
		A01965A624F21323000F6030 /* PBXContainerItemProxy */ = {
			isa = PBXContainerItemProxy;
			containerPortal = A050C1D124EDA583006C11D2 /* Project object */;
			proxyType = 1;
			remoteGlobalIDString = A01965A324F21323000F6030;
			remoteInfo = "LegolasDemo Extension";
		};
		A01965BA24F21324000F6030 /* PBXContainerItemProxy */ = {
			isa = PBXContainerItemProxy;
			containerPortal = A050C1D124EDA583006C11D2 /* Project object */;
			proxyType = 1;
			remoteGlobalIDString = A019659A24F21322000F6030;
			remoteInfo = LegolasDemo;
		};
		A050C1EE24EDA585006C11D2 /* PBXContainerItemProxy */ = {
			isa = PBXContainerItemProxy;
			containerPortal = A050C1D124EDA583006C11D2 /* Project object */;
			proxyType = 1;
			remoteGlobalIDString = A050C1DC24EDA585006C11D2;
			remoteInfo = "ForCreators (iOS)";
		};
		A050C1F924EDA585006C11D2 /* PBXContainerItemProxy */ = {
			isa = PBXContainerItemProxy;
			containerPortal = A050C1D124EDA583006C11D2 /* Project object */;
			proxyType = 1;
			remoteGlobalIDString = A050C1E424EDA585006C11D2;
			remoteInfo = "ForCreators (macOS)";
		};
/* End PBXContainerItemProxy section */

/* Begin PBXCopyFilesBuildPhase section */
		A01965BD24F21324000F6030 /* Embed Watch Content */ = {
			isa = PBXCopyFilesBuildPhase;
			buildActionMask = 2147483647;
			dstPath = "$(CONTENTS_FOLDER_PATH)/Watch";
			dstSubfolderSpec = 16;
			files = (
				A01965BC24F21324000F6030 /* LegolasDemo.app in Embed Watch Content */,
			);
			name = "Embed Watch Content";
			runOnlyForDeploymentPostprocessing = 0;
		};
		A01965C024F21324000F6030 /* Embed App Extensions */ = {
			isa = PBXCopyFilesBuildPhase;
			buildActionMask = 2147483647;
			dstPath = "";
			dstSubfolderSpec = 13;
			files = (
				A01965A524F21323000F6030 /* LegolasDemo Extension.appex in Embed App Extensions */,
			);
			name = "Embed App Extensions";
			runOnlyForDeploymentPostprocessing = 0;
		};
/* End PBXCopyFilesBuildPhase section */

/* Begin PBXFileReference section */
		A001849624F31F5C00502E7E /* XcodeSwiftUICanvasDemo.swift */ = {isa = PBXFileReference; lastKnownFileType = sourcecode.swift; path = XcodeSwiftUICanvasDemo.swift; sourceTree = "<group>"; };
		A019659B24F21322000F6030 /* LegolasDemo.app */ = {isa = PBXFileReference; explicitFileType = wrapper.application; includeInIndex = 0; path = LegolasDemo.app; sourceTree = BUILT_PRODUCTS_DIR; };
		A019659D24F21323000F6030 /* Assets.xcassets */ = {isa = PBXFileReference; lastKnownFileType = folder.assetcatalog; path = Assets.xcassets; sourceTree = "<group>"; };
		A019659F24F21323000F6030 /* Info.plist */ = {isa = PBXFileReference; lastKnownFileType = text.plist.xml; path = Info.plist; sourceTree = "<group>"; };
		A01965A424F21323000F6030 /* LegolasDemo Extension.appex */ = {isa = PBXFileReference; explicitFileType = "wrapper.app-extension"; includeInIndex = 0; path = "LegolasDemo Extension.appex"; sourceTree = BUILT_PRODUCTS_DIR; };
		A01965A924F21323000F6030 /* ForCreatorsApp.swift */ = {isa = PBXFileReference; lastKnownFileType = sourcecode.swift; path = ForCreatorsApp.swift; sourceTree = "<group>"; };
		A01965AB24F21323000F6030 /* ContentView.swift */ = {isa = PBXFileReference; lastKnownFileType = sourcecode.swift; path = ContentView.swift; sourceTree = "<group>"; };
		A01965AD24F21323000F6030 /* NotificationController.swift */ = {isa = PBXFileReference; lastKnownFileType = sourcecode.swift; path = NotificationController.swift; sourceTree = "<group>"; };
		A01965AF24F21323000F6030 /* NotificationView.swift */ = {isa = PBXFileReference; lastKnownFileType = sourcecode.swift; path = NotificationView.swift; sourceTree = "<group>"; };
		A01965B124F21323000F6030 /* ComplicationController.swift */ = {isa = PBXFileReference; lastKnownFileType = sourcecode.swift; path = ComplicationController.swift; sourceTree = "<group>"; };
		A01965B324F21324000F6030 /* Assets.xcassets */ = {isa = PBXFileReference; lastKnownFileType = folder.assetcatalog; path = Assets.xcassets; sourceTree = "<group>"; };
		A01965B624F21324000F6030 /* Preview Assets.xcassets */ = {isa = PBXFileReference; lastKnownFileType = folder.assetcatalog; path = "Preview Assets.xcassets"; sourceTree = "<group>"; };
		A01965B824F21324000F6030 /* Info.plist */ = {isa = PBXFileReference; lastKnownFileType = text.plist.xml; path = Info.plist; sourceTree = "<group>"; };
		A01965B924F21324000F6030 /* PushNotificationPayload.apns */ = {isa = PBXFileReference; lastKnownFileType = text; path = PushNotificationPayload.apns; sourceTree = "<group>"; };
		A01965CA24F217A3000F6030 /* ForCreators.entitlements */ = {isa = PBXFileReference; lastKnownFileType = text.plist.entitlements; path = ForCreators.entitlements; sourceTree = "<group>"; };
		A01965CD24F23D5C000F6030 /* DrinkWaterDemo.swift */ = {isa = PBXFileReference; lastKnownFileType = sourcecode.swift; path = DrinkWaterDemo.swift; sourceTree = "<group>"; };
		A050C1D624EDA583006C11D2 /* ForCreatorsMainApp.swift */ = {isa = PBXFileReference; lastKnownFileType = sourcecode.swift; path = ForCreatorsMainApp.swift; sourceTree = "<group>"; };
		A050C1D724EDA583006C11D2 /* MainView.swift */ = {isa = PBXFileReference; lastKnownFileType = sourcecode.swift; path = MainView.swift; sourceTree = "<group>"; };
		A050C1D824EDA585006C11D2 /* Assets.xcassets */ = {isa = PBXFileReference; lastKnownFileType = folder.assetcatalog; path = Assets.xcassets; sourceTree = "<group>"; };
		A050C1DD24EDA585006C11D2 /* ForCreators.app */ = {isa = PBXFileReference; explicitFileType = wrapper.application; includeInIndex = 0; path = ForCreators.app; sourceTree = BUILT_PRODUCTS_DIR; };
		A050C1E024EDA585006C11D2 /* Info.plist */ = {isa = PBXFileReference; lastKnownFileType = text.plist.xml; path = Info.plist; sourceTree = "<group>"; };
		A050C1E524EDA585006C11D2 /* ForCreators.app */ = {isa = PBXFileReference; explicitFileType = wrapper.application; includeInIndex = 0; path = ForCreators.app; sourceTree = BUILT_PRODUCTS_DIR; };
		A050C1E724EDA585006C11D2 /* Info.plist */ = {isa = PBXFileReference; lastKnownFileType = text.plist.xml; path = Info.plist; sourceTree = "<group>"; };
		A050C1E824EDA585006C11D2 /* macOS.entitlements */ = {isa = PBXFileReference; lastKnownFileType = text.plist.entitlements; path = macOS.entitlements; sourceTree = "<group>"; };
		A050C1ED24EDA585006C11D2 /* Tests iOS.xctest */ = {isa = PBXFileReference; explicitFileType = wrapper.cfbundle; includeInIndex = 0; path = "Tests iOS.xctest"; sourceTree = BUILT_PRODUCTS_DIR; };
		A050C1F124EDA585006C11D2 /* Tests_iOS.swift */ = {isa = PBXFileReference; lastKnownFileType = sourcecode.swift; path = Tests_iOS.swift; sourceTree = "<group>"; };
		A050C1F324EDA585006C11D2 /* Info.plist */ = {isa = PBXFileReference; lastKnownFileType = text.plist.xml; path = Info.plist; sourceTree = "<group>"; };
		A050C1F824EDA585006C11D2 /* Tests macOS.xctest */ = {isa = PBXFileReference; explicitFileType = wrapper.cfbundle; includeInIndex = 0; path = "Tests macOS.xctest"; sourceTree = BUILT_PRODUCTS_DIR; };
		A050C1FC24EDA585006C11D2 /* Tests_macOS.swift */ = {isa = PBXFileReference; lastKnownFileType = sourcecode.swift; path = Tests_macOS.swift; sourceTree = "<group>"; };
		A050C1FE24EDA585006C11D2 /* Info.plist */ = {isa = PBXFileReference; lastKnownFileType = text.plist.xml; path = Info.plist; sourceTree = "<group>"; };
		A050C21324EDA5A4006C11D2 /* AccentColorDemo.swift */ = {isa = PBXFileReference; lastKnownFileType = sourcecode.swift; path = AccentColorDemo.swift; sourceTree = "<group>"; };
/* End PBXFileReference section */

/* Begin PBXFrameworksBuildPhase section */
		A01965A124F21323000F6030 /* Frameworks */ = {
			isa = PBXFrameworksBuildPhase;
			buildActionMask = 2147483647;
			files = (
			);
			runOnlyForDeploymentPostprocessing = 0;
		};
		A050C1DA24EDA585006C11D2 /* Frameworks */ = {
			isa = PBXFrameworksBuildPhase;
			buildActionMask = 2147483647;
			files = (
			);
			runOnlyForDeploymentPostprocessing = 0;
		};
		A050C1E224EDA585006C11D2 /* Frameworks */ = {
			isa = PBXFrameworksBuildPhase;
			buildActionMask = 2147483647;
			files = (
			);
			runOnlyForDeploymentPostprocessing = 0;
		};
		A050C1EA24EDA585006C11D2 /* Frameworks */ = {
			isa = PBXFrameworksBuildPhase;
			buildActionMask = 2147483647;
			files = (
			);
			runOnlyForDeploymentPostprocessing = 0;
		};
		A050C1F524EDA585006C11D2 /* Frameworks */ = {
			isa = PBXFrameworksBuildPhase;
			buildActionMask = 2147483647;
			files = (
			);
			runOnlyForDeploymentPostprocessing = 0;
		};
/* End PBXFrameworksBuildPhase section */

/* Begin PBXGroup section */
		A019659C24F21322000F6030 /* LegolasDemo */ = {
			isa = PBXGroup;
			children = (
				A019659D24F21323000F6030 /* Assets.xcassets */,
				A019659F24F21323000F6030 /* Info.plist */,
			);
			path = LegolasDemo;
			sourceTree = "<group>";
		};
		A01965A824F21323000F6030 /* LegolasDemo Extension */ = {
			isa = PBXGroup;
			children = (
				A01965A924F21323000F6030 /* ForCreatorsApp.swift */,
				A01965AB24F21323000F6030 /* ContentView.swift */,
				A01965AD24F21323000F6030 /* NotificationController.swift */,
				A01965AF24F21323000F6030 /* NotificationView.swift */,
				A01965B124F21323000F6030 /* ComplicationController.swift */,
				A01965B324F21324000F6030 /* Assets.xcassets */,
				A01965B824F21324000F6030 /* Info.plist */,
				A01965B924F21324000F6030 /* PushNotificationPayload.apns */,
				A01965B524F21324000F6030 /* Preview Content */,
			);
			path = "LegolasDemo Extension";
			sourceTree = "<group>";
		};
		A01965B524F21324000F6030 /* Preview Content */ = {
			isa = PBXGroup;
			children = (
				A01965B624F21324000F6030 /* Preview Assets.xcassets */,
			);
			path = "Preview Content";
			sourceTree = "<group>";
		};
		A050C1D024EDA583006C11D2 = {
			isa = PBXGroup;
			children = (
				A01965CA24F217A3000F6030 /* ForCreators.entitlements */,
				A050C21624EDA5AB006C11D2 /* CourseDemos */,
				A050C1D524EDA583006C11D2 /* Shared */,
				A050C1DF24EDA585006C11D2 /* iOS */,
				A050C1E624EDA585006C11D2 /* macOS */,
				A050C1F024EDA585006C11D2 /* Tests iOS */,
				A050C1FB24EDA585006C11D2 /* Tests macOS */,
				A019659C24F21322000F6030 /* LegolasDemo */,
				A01965A824F21323000F6030 /* LegolasDemo Extension */,
				A050C1DE24EDA585006C11D2 /* Products */,
			);
			sourceTree = "<group>";
		};
		A050C1D524EDA583006C11D2 /* Shared */ = {
			isa = PBXGroup;
			children = (
				A050C1D624EDA583006C11D2 /* ForCreatorsMainApp.swift */,
				A050C1D724EDA583006C11D2 /* MainView.swift */,
				A050C1D824EDA585006C11D2 /* Assets.xcassets */,
			);
			path = Shared;
			sourceTree = "<group>";
		};
		A050C1DE24EDA585006C11D2 /* Products */ = {
			isa = PBXGroup;
			children = (
				A050C1DD24EDA585006C11D2 /* ForCreators.app */,
				A050C1E524EDA585006C11D2 /* ForCreators.app */,
				A050C1ED24EDA585006C11D2 /* Tests iOS.xctest */,
				A050C1F824EDA585006C11D2 /* Tests macOS.xctest */,
				A019659B24F21322000F6030 /* LegolasDemo.app */,
				A01965A424F21323000F6030 /* LegolasDemo Extension.appex */,
			);
			name = Products;
			sourceTree = "<group>";
		};
		A050C1DF24EDA585006C11D2 /* iOS */ = {
			isa = PBXGroup;
			children = (
				A050C1E024EDA585006C11D2 /* Info.plist */,
			);
			path = iOS;
			sourceTree = "<group>";
		};
		A050C1E624EDA585006C11D2 /* macOS */ = {
			isa = PBXGroup;
			children = (
				A050C1E724EDA585006C11D2 /* Info.plist */,
				A050C1E824EDA585006C11D2 /* macOS.entitlements */,
			);
			path = macOS;
			sourceTree = "<group>";
		};
		A050C1F024EDA585006C11D2 /* Tests iOS */ = {
			isa = PBXGroup;
			children = (
				A050C1F124EDA585006C11D2 /* Tests_iOS.swift */,
				A050C1F324EDA585006C11D2 /* Info.plist */,
			);
			path = "Tests iOS";
			sourceTree = "<group>";
		};
		A050C1FB24EDA585006C11D2 /* Tests macOS */ = {
			isa = PBXGroup;
			children = (
				A050C1FC24EDA585006C11D2 /* Tests_macOS.swift */,
				A050C1FE24EDA585006C11D2 /* Info.plist */,
			);
			path = "Tests macOS";
			sourceTree = "<group>";
		};
		A050C21624EDA5AB006C11D2 /* CourseDemos */ = {
			isa = PBXGroup;
			children = (
				A050C21324EDA5A4006C11D2 /* AccentColorDemo.swift */,
				A01965CD24F23D5C000F6030 /* DrinkWaterDemo.swift */,
				A001849624F31F5C00502E7E /* XcodeSwiftUICanvasDemo.swift */,
			);
			path = CourseDemos;
			sourceTree = "<group>";
		};
/* End PBXGroup section */

/* Begin PBXNativeTarget section */
		A019659A24F21322000F6030 /* LegolasDemo */ = {
			isa = PBXNativeTarget;
			buildConfigurationList = A01965C424F21324000F6030 /* Build configuration list for PBXNativeTarget "LegolasDemo" */;
			buildPhases = (
				A019659924F21322000F6030 /* Resources */,
				A01965C024F21324000F6030 /* Embed App Extensions */,
			);
			buildRules = (
			);
			dependencies = (
				A01965A724F21323000F6030 /* PBXTargetDependency */,
			);
			name = LegolasDemo;
			productName = LegolasDemo;
			productReference = A019659B24F21322000F6030 /* LegolasDemo.app */;
			productType = "com.apple.product-type.application.watchapp2";
		};
		A01965A324F21323000F6030 /* LegolasDemo Extension */ = {
			isa = PBXNativeTarget;
			buildConfigurationList = A01965C324F21324000F6030 /* Build configuration list for PBXNativeTarget "LegolasDemo Extension" */;
			buildPhases = (
				A01965A024F21323000F6030 /* Sources */,
				A01965A124F21323000F6030 /* Frameworks */,
				A01965A224F21323000F6030 /* Resources */,
			);
			buildRules = (
			);
			dependencies = (
			);
			name = "LegolasDemo Extension";
			productName = "LegolasDemo Extension";
			productReference = A01965A424F21323000F6030 /* LegolasDemo Extension.appex */;
			productType = "com.apple.product-type.watchkit2-extension";
		};
		A050C1DC24EDA585006C11D2 /* ForCreators (iOS) */ = {
			isa = PBXNativeTarget;
			buildConfigurationList = A050C20724EDA585006C11D2 /* Build configuration list for PBXNativeTarget "ForCreators (iOS)" */;
			buildPhases = (
				A050C1D924EDA585006C11D2 /* Sources */,
				A050C1DA24EDA585006C11D2 /* Frameworks */,
				A050C1DB24EDA585006C11D2 /* Resources */,
				A01965BD24F21324000F6030 /* Embed Watch Content */,
			);
			buildRules = (
			);
			dependencies = (
				A01965BB24F21324000F6030 /* PBXTargetDependency */,
			);
			name = "ForCreators (iOS)";
			productName = "ForCreators (iOS)";
			productReference = A050C1DD24EDA585006C11D2 /* ForCreators.app */;
			productType = "com.apple.product-type.application";
		};
		A050C1E424EDA585006C11D2 /* ForCreators (macOS) */ = {
			isa = PBXNativeTarget;
			buildConfigurationList = A050C20A24EDA585006C11D2 /* Build configuration list for PBXNativeTarget "ForCreators (macOS)" */;
			buildPhases = (
				A050C1E124EDA585006C11D2 /* Sources */,
				A050C1E224EDA585006C11D2 /* Frameworks */,
				A050C1E324EDA585006C11D2 /* Resources */,
			);
			buildRules = (
			);
			dependencies = (
			);
			name = "ForCreators (macOS)";
			productName = "ForCreators (macOS)";
			productReference = A050C1E524EDA585006C11D2 /* ForCreators.app */;
			productType = "com.apple.product-type.application";
		};
		A050C1EC24EDA585006C11D2 /* Tests iOS */ = {
			isa = PBXNativeTarget;
			buildConfigurationList = A050C20D24EDA585006C11D2 /* Build configuration list for PBXNativeTarget "Tests iOS" */;
			buildPhases = (
				A050C1E924EDA585006C11D2 /* Sources */,
				A050C1EA24EDA585006C11D2 /* Frameworks */,
				A050C1EB24EDA585006C11D2 /* Resources */,
			);
			buildRules = (
			);
			dependencies = (
				A050C1EF24EDA585006C11D2 /* PBXTargetDependency */,
			);
			name = "Tests iOS";
			productName = "Tests iOS";
			productReference = A050C1ED24EDA585006C11D2 /* Tests iOS.xctest */;
			productType = "com.apple.product-type.bundle.ui-testing";
		};
		A050C1F724EDA585006C11D2 /* Tests macOS */ = {
			isa = PBXNativeTarget;
			buildConfigurationList = A050C21024EDA585006C11D2 /* Build configuration list for PBXNativeTarget "Tests macOS" */;
			buildPhases = (
				A050C1F424EDA585006C11D2 /* Sources */,
				A050C1F524EDA585006C11D2 /* Frameworks */,
				A050C1F624EDA585006C11D2 /* Resources */,
			);
			buildRules = (
			);
			dependencies = (
				A050C1FA24EDA585006C11D2 /* PBXTargetDependency */,
			);
			name = "Tests macOS";
			productName = "Tests macOS";
			productReference = A050C1F824EDA585006C11D2 /* Tests macOS.xctest */;
			productType = "com.apple.product-type.bundle.ui-testing";
		};
/* End PBXNativeTarget section */

/* Begin PBXProject section */
		A050C1D124EDA583006C11D2 /* Project object */ = {
			isa = PBXProject;
			attributes = {
				LastSwiftUpdateCheck = 1200;
				LastUpgradeCheck = 1200;
				TargetAttributes = {
					A019659A24F21322000F6030 = {
						CreatedOnToolsVersion = 12.0;
					};
					A01965A324F21323000F6030 = {
						CreatedOnToolsVersion = 12.0;
					};
					A050C1DC24EDA585006C11D2 = {
						CreatedOnToolsVersion = 12.0;
					};
					A050C1E424EDA585006C11D2 = {
						CreatedOnToolsVersion = 12.0;
					};
					A050C1EC24EDA585006C11D2 = {
						CreatedOnToolsVersion = 12.0;
						TestTargetID = A050C1DC24EDA585006C11D2;
					};
					A050C1F724EDA585006C11D2 = {
						CreatedOnToolsVersion = 12.0;
						TestTargetID = A050C1E424EDA585006C11D2;
					};
				};
			};
			buildConfigurationList = A050C1D424EDA583006C11D2 /* Build configuration list for PBXProject "ForCreators" */;
			compatibilityVersion = "Xcode 9.3";
			developmentRegion = en;
			hasScannedForEncodings = 0;
			knownRegions = (
				en,
				Base,
			);
			mainGroup = A050C1D024EDA583006C11D2;
			productRefGroup = A050C1DE24EDA585006C11D2 /* Products */;
			projectDirPath = "";
			projectRoot = "";
			targets = (
				A050C1DC24EDA585006C11D2 /* ForCreators (iOS) */,
				A050C1E424EDA585006C11D2 /* ForCreators (macOS) */,
				A050C1EC24EDA585006C11D2 /* Tests iOS */,
				A050C1F724EDA585006C11D2 /* Tests macOS */,
				A019659A24F21322000F6030 /* LegolasDemo */,
				A01965A324F21323000F6030 /* LegolasDemo Extension */,
			);
		};
/* End PBXProject section */

/* Begin PBXResourcesBuildPhase section */
		A019659924F21322000F6030 /* Resources */ = {
			isa = PBXResourcesBuildPhase;
			buildActionMask = 2147483647;
			files = (
				A019659E24F21323000F6030 /* Assets.xcassets in Resources */,
			);
			runOnlyForDeploymentPostprocessing = 0;
		};
		A01965A224F21323000F6030 /* Resources */ = {
			isa = PBXResourcesBuildPhase;
			buildActionMask = 2147483647;
			files = (
				A01965B724F21324000F6030 /* Preview Assets.xcassets in Resources */,
				A01965B424F21324000F6030 /* Assets.xcassets in Resources */,
			);
			runOnlyForDeploymentPostprocessing = 0;
		};
		A050C1DB24EDA585006C11D2 /* Resources */ = {
			isa = PBXResourcesBuildPhase;
			buildActionMask = 2147483647;
			files = (
				A050C20324EDA585006C11D2 /* Assets.xcassets in Resources */,
			);
			runOnlyForDeploymentPostprocessing = 0;
		};
		A050C1E324EDA585006C11D2 /* Resources */ = {
			isa = PBXResourcesBuildPhase;
			buildActionMask = 2147483647;
			files = (
				A050C20424EDA585006C11D2 /* Assets.xcassets in Resources */,
			);
			runOnlyForDeploymentPostprocessing = 0;
		};
		A050C1EB24EDA585006C11D2 /* Resources */ = {
			isa = PBXResourcesBuildPhase;
			buildActionMask = 2147483647;
			files = (
			);
			runOnlyForDeploymentPostprocessing = 0;
		};
		A050C1F624EDA585006C11D2 /* Resources */ = {
			isa = PBXResourcesBuildPhase;
			buildActionMask = 2147483647;
			files = (
			);
			runOnlyForDeploymentPostprocessing = 0;
		};
/* End PBXResourcesBuildPhase section */

/* Begin PBXSourcesBuildPhase section */
		A01965A024F21323000F6030 /* Sources */ = {
			isa = PBXSourcesBuildPhase;
			buildActionMask = 2147483647;
			files = (
				A01965AE24F21323000F6030 /* NotificationController.swift in Sources */,
				A01965AC24F21323000F6030 /* ContentView.swift in Sources */,
				A01965C824F2158E000F6030 /* AccentColorDemo.swift in Sources */,
				A01965B224F21323000F6030 /* ComplicationController.swift in Sources */,
				A01965AA24F21323000F6030 /* ForCreatorsApp.swift in Sources */,
				A01965D024F23D5C000F6030 /* DrinkWaterDemo.swift in Sources */,
				A001849924F31F5C00502E7E /* XcodeSwiftUICanvasDemo.swift in Sources */,
				A01965B024F21323000F6030 /* NotificationView.swift in Sources */,
			);
			runOnlyForDeploymentPostprocessing = 0;
		};
		A050C1D924EDA585006C11D2 /* Sources */ = {
			isa = PBXSourcesBuildPhase;
			buildActionMask = 2147483647;
			files = (
				A01965CE24F23D5C000F6030 /* DrinkWaterDemo.swift in Sources */,
				A050C20124EDA585006C11D2 /* MainView.swift in Sources */,
				A001849724F31F5C00502E7E /* XcodeSwiftUICanvasDemo.swift in Sources */,
				A050C1FF24EDA585006C11D2 /* ForCreatorsMainApp.swift in Sources */,
				A01965CB24F218AF000F6030 /* ContentView.swift in Sources */,
				A050C21424EDA5A4006C11D2 /* AccentColorDemo.swift in Sources */,
			);
			runOnlyForDeploymentPostprocessing = 0;
		};
		A050C1E124EDA585006C11D2 /* Sources */ = {
			isa = PBXSourcesBuildPhase;
			buildActionMask = 2147483647;
			files = (
				A01965CF24F23D5C000F6030 /* DrinkWaterDemo.swift in Sources */,
				A050C20224EDA585006C11D2 /* MainView.swift in Sources */,
				A001849824F31F5C00502E7E /* XcodeSwiftUICanvasDemo.swift in Sources */,
				A050C20024EDA585006C11D2 /* ForCreatorsMainApp.swift in Sources */,
				A01965CC24F218AF000F6030 /* ContentView.swift in Sources */,
				A050C21524EDA5A4006C11D2 /* AccentColorDemo.swift in Sources */,
			);
			runOnlyForDeploymentPostprocessing = 0;
		};
		A050C1E924EDA585006C11D2 /* Sources */ = {
			isa = PBXSourcesBuildPhase;
			buildActionMask = 2147483647;
			files = (
				A050C1F224EDA585006C11D2 /* Tests_iOS.swift in Sources */,
			);
			runOnlyForDeploymentPostprocessing = 0;
		};
		A050C1F424EDA585006C11D2 /* Sources */ = {
			isa = PBXSourcesBuildPhase;
			buildActionMask = 2147483647;
			files = (
				A050C1FD24EDA585006C11D2 /* Tests_macOS.swift in Sources */,
			);
			runOnlyForDeploymentPostprocessing = 0;
		};
/* End PBXSourcesBuildPhase section */

/* Begin PBXTargetDependency section */
		A01965A724F21323000F6030 /* PBXTargetDependency */ = {
			isa = PBXTargetDependency;
			target = A01965A324F21323000F6030 /* LegolasDemo Extension */;
			targetProxy = A01965A624F21323000F6030 /* PBXContainerItemProxy */;
		};
		A01965BB24F21324000F6030 /* PBXTargetDependency */ = {
			isa = PBXTargetDependency;
			platformFilter = ios;
			target = A019659A24F21322000F6030 /* LegolasDemo */;
			targetProxy = A01965BA24F21324000F6030 /* PBXContainerItemProxy */;
		};
		A050C1EF24EDA585006C11D2 /* PBXTargetDependency */ = {
			isa = PBXTargetDependency;
			target = A050C1DC24EDA585006C11D2 /* ForCreators (iOS) */;
			targetProxy = A050C1EE24EDA585006C11D2 /* PBXContainerItemProxy */;
		};
		A050C1FA24EDA585006C11D2 /* PBXTargetDependency */ = {
			isa = PBXTargetDependency;
			target = A050C1E424EDA585006C11D2 /* ForCreators (macOS) */;
			targetProxy = A050C1F924EDA585006C11D2 /* PBXContainerItemProxy */;
		};
/* End PBXTargetDependency section */

/* Begin XCBuildConfiguration section */
		A01965BE24F21324000F6030 /* Debug */ = {
			isa = XCBuildConfiguration;
			buildSettings = {
				ALWAYS_EMBED_SWIFT_STANDARD_LIBRARIES = YES;
				ASSETCATALOG_COMPILER_APPICON_NAME = AppIcon;
				ASSETCATALOG_COMPILER_GLOBAL_ACCENT_COLOR_NAME = AccentColor;
				CODE_SIGN_STYLE = Automatic;
				DEVELOPMENT_TEAM = 4DENVHJV75;
				IBSC_MODULE = LegolasDemo_Extension;
				INFOPLIST_FILE = LegolasDemo/Info.plist;
				PRODUCT_BUNDLE_IDENTIFIER = me.legolas.ForCreators.watchkitapp;
				PRODUCT_NAME = "$(TARGET_NAME)";
				SDKROOT = watchos;
				SKIP_INSTALL = YES;
				SWIFT_VERSION = 5.0;
				TARGETED_DEVICE_FAMILY = 4;
				WATCHOS_DEPLOYMENT_TARGET = 7.0;
			};
			name = Debug;
		};
		A01965BF24F21324000F6030 /* Release */ = {
			isa = XCBuildConfiguration;
			buildSettings = {
				ALWAYS_EMBED_SWIFT_STANDARD_LIBRARIES = YES;
				ASSETCATALOG_COMPILER_APPICON_NAME = AppIcon;
				ASSETCATALOG_COMPILER_GLOBAL_ACCENT_COLOR_NAME = AccentColor;
				CODE_SIGN_STYLE = Automatic;
				DEVELOPMENT_TEAM = 4DENVHJV75;
				IBSC_MODULE = LegolasDemo_Extension;
				INFOPLIST_FILE = LegolasDemo/Info.plist;
				PRODUCT_BUNDLE_IDENTIFIER = me.legolas.ForCreators.watchkitapp;
				PRODUCT_NAME = "$(TARGET_NAME)";
				SDKROOT = watchos;
				SKIP_INSTALL = YES;
				SWIFT_VERSION = 5.0;
				TARGETED_DEVICE_FAMILY = 4;
				VALIDATE_PRODUCT = YES;
				WATCHOS_DEPLOYMENT_TARGET = 7.0;
			};
			name = Release;
		};
		A01965C124F21324000F6030 /* Debug */ = {
			isa = XCBuildConfiguration;
			buildSettings = {
				ASSETCATALOG_COMPILER_COMPLICATION_NAME = Complication;
				CODE_SIGN_STYLE = Automatic;
				DEVELOPMENT_ASSET_PATHS = "\"LegolasDemo Extension/Preview Content\"";
				DEVELOPMENT_TEAM = 4DENVHJV75;
				ENABLE_PREVIEWS = YES;
				INFOPLIST_FILE = "LegolasDemo Extension/Info.plist";
				LD_RUNPATH_SEARCH_PATHS = (
					"$(inherited)",
					"@executable_path/Frameworks",
					"@executable_path/../../Frameworks",
				);
				PRODUCT_BUNDLE_IDENTIFIER = me.legolas.ForCreators.watchkitapp.watchkitextension;
				PRODUCT_NAME = "${TARGET_NAME}";
				SDKROOT = watchos;
				SKIP_INSTALL = YES;
				SWIFT_VERSION = 5.0;
				TARGETED_DEVICE_FAMILY = 4;
				WATCHOS_DEPLOYMENT_TARGET = 7.0;
			};
			name = Debug;
		};
		A01965C224F21324000F6030 /* Release */ = {
			isa = XCBuildConfiguration;
			buildSettings = {
				ASSETCATALOG_COMPILER_COMPLICATION_NAME = Complication;
				CODE_SIGN_STYLE = Automatic;
				DEVELOPMENT_ASSET_PATHS = "\"LegolasDemo Extension/Preview Content\"";
				DEVELOPMENT_TEAM = 4DENVHJV75;
				ENABLE_PREVIEWS = YES;
				INFOPLIST_FILE = "LegolasDemo Extension/Info.plist";
				LD_RUNPATH_SEARCH_PATHS = (
					"$(inherited)",
					"@executable_path/Frameworks",
					"@executable_path/../../Frameworks",
				);
				PRODUCT_BUNDLE_IDENTIFIER = me.legolas.ForCreators.watchkitapp.watchkitextension;
				PRODUCT_NAME = "${TARGET_NAME}";
				SDKROOT = watchos;
				SKIP_INSTALL = YES;
				SWIFT_VERSION = 5.0;
				TARGETED_DEVICE_FAMILY = 4;
				VALIDATE_PRODUCT = YES;
				WATCHOS_DEPLOYMENT_TARGET = 7.0;
			};
			name = Release;
		};
		A050C20524EDA585006C11D2 /* Debug */ = {
			isa = XCBuildConfiguration;
			buildSettings = {
				ALWAYS_SEARCH_USER_PATHS = NO;
				CLANG_ANALYZER_NONNULL = YES;
				CLANG_ANALYZER_NUMBER_OBJECT_CONVERSION = YES_AGGRESSIVE;
				CLANG_CXX_LANGUAGE_STANDARD = "gnu++14";
				CLANG_CXX_LIBRARY = "libc++";
				CLANG_ENABLE_MODULES = YES;
				CLANG_ENABLE_OBJC_ARC = YES;
				CLANG_ENABLE_OBJC_WEAK = YES;
				CLANG_WARN_BLOCK_CAPTURE_AUTORELEASING = YES;
				CLANG_WARN_BOOL_CONVERSION = YES;
				CLANG_WARN_COMMA = YES;
				CLANG_WARN_CONSTANT_CONVERSION = YES;
				CLANG_WARN_DEPRECATED_OBJC_IMPLEMENTATIONS = YES;
				CLANG_WARN_DIRECT_OBJC_ISA_USAGE = YES_ERROR;
				CLANG_WARN_DOCUMENTATION_COMMENTS = YES;
				CLANG_WARN_EMPTY_BODY = YES;
				CLANG_WARN_ENUM_CONVERSION = YES;
				CLANG_WARN_INFINITE_RECURSION = YES;
				CLANG_WARN_INT_CONVERSION = YES;
				CLANG_WARN_NON_LITERAL_NULL_CONVERSION = YES;
				CLANG_WARN_OBJC_IMPLICIT_RETAIN_SELF = YES;
				CLANG_WARN_OBJC_LITERAL_CONVERSION = YES;
				CLANG_WARN_OBJC_ROOT_CLASS = YES_ERROR;
				CLANG_WARN_QUOTED_INCLUDE_IN_FRAMEWORK_HEADER = YES;
				CLANG_WARN_RANGE_LOOP_ANALYSIS = YES;
				CLANG_WARN_STRICT_PROTOTYPES = YES;
				CLANG_WARN_SUSPICIOUS_MOVE = YES;
				CLANG_WARN_UNGUARDED_AVAILABILITY = YES_AGGRESSIVE;
				CLANG_WARN_UNREACHABLE_CODE = YES;
				CLANG_WARN__DUPLICATE_METHOD_MATCH = YES;
				COPY_PHASE_STRIP = NO;
				DEBUG_INFORMATION_FORMAT = dwarf;
				ENABLE_STRICT_OBJC_MSGSEND = YES;
				ENABLE_TESTABILITY = YES;
				GCC_C_LANGUAGE_STANDARD = gnu11;
				GCC_DYNAMIC_NO_PIC = NO;
				GCC_NO_COMMON_BLOCKS = YES;
				GCC_OPTIMIZATION_LEVEL = 0;
				GCC_PREPROCESSOR_DEFINITIONS = (
					"DEBUG=1",
					"$(inherited)",
				);
				GCC_WARN_64_TO_32_BIT_CONVERSION = YES;
				GCC_WARN_ABOUT_RETURN_TYPE = YES_ERROR;
				GCC_WARN_UNDECLARED_SELECTOR = YES;
				GCC_WARN_UNINITIALIZED_AUTOS = YES_AGGRESSIVE;
				GCC_WARN_UNUSED_FUNCTION = YES;
				GCC_WARN_UNUSED_VARIABLE = YES;
				MTL_ENABLE_DEBUG_INFO = INCLUDE_SOURCE;
				MTL_FAST_MATH = YES;
				ONLY_ACTIVE_ARCH = YES;
				SWIFT_ACTIVE_COMPILATION_CONDITIONS = DEBUG;
				SWIFT_OPTIMIZATION_LEVEL = "-Onone";
			};
			name = Debug;
		};
		A050C20624EDA585006C11D2 /* Release */ = {
			isa = XCBuildConfiguration;
			buildSettings = {
				ALWAYS_SEARCH_USER_PATHS = NO;
				CLANG_ANALYZER_NONNULL = YES;
				CLANG_ANALYZER_NUMBER_OBJECT_CONVERSION = YES_AGGRESSIVE;
				CLANG_CXX_LANGUAGE_STANDARD = "gnu++14";
				CLANG_CXX_LIBRARY = "libc++";
				CLANG_ENABLE_MODULES = YES;
				CLANG_ENABLE_OBJC_ARC = YES;
				CLANG_ENABLE_OBJC_WEAK = YES;
				CLANG_WARN_BLOCK_CAPTURE_AUTORELEASING = YES;
				CLANG_WARN_BOOL_CONVERSION = YES;
				CLANG_WARN_COMMA = YES;
				CLANG_WARN_CONSTANT_CONVERSION = YES;
				CLANG_WARN_DEPRECATED_OBJC_IMPLEMENTATIONS = YES;
				CLANG_WARN_DIRECT_OBJC_ISA_USAGE = YES_ERROR;
				CLANG_WARN_DOCUMENTATION_COMMENTS = YES;
				CLANG_WARN_EMPTY_BODY = YES;
				CLANG_WARN_ENUM_CONVERSION = YES;
				CLANG_WARN_INFINITE_RECURSION = YES;
				CLANG_WARN_INT_CONVERSION = YES;
				CLANG_WARN_NON_LITERAL_NULL_CONVERSION = YES;
				CLANG_WARN_OBJC_IMPLICIT_RETAIN_SELF = YES;
				CLANG_WARN_OBJC_LITERAL_CONVERSION = YES;
				CLANG_WARN_OBJC_ROOT_CLASS = YES_ERROR;
				CLANG_WARN_QUOTED_INCLUDE_IN_FRAMEWORK_HEADER = YES;
				CLANG_WARN_RANGE_LOOP_ANALYSIS = YES;
				CLANG_WARN_STRICT_PROTOTYPES = YES;
				CLANG_WARN_SUSPICIOUS_MOVE = YES;
				CLANG_WARN_UNGUARDED_AVAILABILITY = YES_AGGRESSIVE;
				CLANG_WARN_UNREACHABLE_CODE = YES;
				CLANG_WARN__DUPLICATE_METHOD_MATCH = YES;
				COPY_PHASE_STRIP = NO;
				DEBUG_INFORMATION_FORMAT = "dwarf-with-dsym";
				ENABLE_NS_ASSERTIONS = NO;
				ENABLE_STRICT_OBJC_MSGSEND = YES;
				GCC_C_LANGUAGE_STANDARD = gnu11;
				GCC_NO_COMMON_BLOCKS = YES;
				GCC_WARN_64_TO_32_BIT_CONVERSION = YES;
				GCC_WARN_ABOUT_RETURN_TYPE = YES_ERROR;
				GCC_WARN_UNDECLARED_SELECTOR = YES;
				GCC_WARN_UNINITIALIZED_AUTOS = YES_AGGRESSIVE;
				GCC_WARN_UNUSED_FUNCTION = YES;
				GCC_WARN_UNUSED_VARIABLE = YES;
				MTL_ENABLE_DEBUG_INFO = NO;
				MTL_FAST_MATH = YES;
				SWIFT_COMPILATION_MODE = wholemodule;
				SWIFT_OPTIMIZATION_LEVEL = "-O";
			};
			name = Release;
		};
		A050C20824EDA585006C11D2 /* Debug */ = {
			isa = XCBuildConfiguration;
			buildSettings = {
				ASSETCATALOG_COMPILER_APPICON_NAME = AppIcon;
				ASSETCATALOG_COMPILER_GLOBAL_ACCENT_COLOR_NAME = AccentColor;
				CODE_SIGN_ENTITLEMENTS = ForCreators.entitlements;
				CODE_SIGN_STYLE = Automatic;
				DEVELOPMENT_TEAM = 4DENVHJV75;
				ENABLE_PREVIEWS = YES;
				INFOPLIST_FILE = iOS/Info.plist;
				IPHONEOS_DEPLOYMENT_TARGET = 14.0;
				LD_RUNPATH_SEARCH_PATHS = (
					"$(inherited)",
					"@executable_path/Frameworks",
				);
				PRODUCT_BUNDLE_IDENTIFIER = me.legolas.ForCreators;
				PRODUCT_NAME = ForCreators;
				SDKROOT = iphoneos;
				SUPPORTS_MACCATALYST = YES;
				SWIFT_VERSION = 5.0;
				TARGETED_DEVICE_FAMILY = "1,2,6";
			};
			name = Debug;
		};
		A050C20924EDA585006C11D2 /* Release */ = {
			isa = XCBuildConfiguration;
			buildSettings = {
				ASSETCATALOG_COMPILER_APPICON_NAME = AppIcon;
				ASSETCATALOG_COMPILER_GLOBAL_ACCENT_COLOR_NAME = AccentColor;
				CODE_SIGN_ENTITLEMENTS = ForCreators.entitlements;
				CODE_SIGN_STYLE = Automatic;
				DEVELOPMENT_TEAM = 4DENVHJV75;
				ENABLE_PREVIEWS = YES;
				INFOPLIST_FILE = iOS/Info.plist;
				IPHONEOS_DEPLOYMENT_TARGET = 14.0;
				LD_RUNPATH_SEARCH_PATHS = (
					"$(inherited)",
					"@executable_path/Frameworks",
				);
				PRODUCT_BUNDLE_IDENTIFIER = me.legolas.ForCreators;
				PRODUCT_NAME = ForCreators;
				SDKROOT = iphoneos;
				SUPPORTS_MACCATALYST = YES;
				SWIFT_VERSION = 5.0;
				TARGETED_DEVICE_FAMILY = "1,2,6";
				VALIDATE_PRODUCT = YES;
			};
			name = Release;
		};
		A050C20B24EDA585006C11D2 /* Debug */ = {
			isa = XCBuildConfiguration;
			buildSettings = {
				ASSETCATALOG_COMPILER_APPICON_NAME = AppIcon;
				ASSETCATALOG_COMPILER_GLOBAL_ACCENT_COLOR_NAME = AccentColor;
				CODE_SIGN_ENTITLEMENTS = macOS/macOS.entitlements;
				CODE_SIGN_STYLE = Automatic;
				COMBINE_HIDPI_IMAGES = YES;
				DEVELOPMENT_TEAM = 4DENVHJV75;
				ENABLE_HARDENED_RUNTIME = YES;
				ENABLE_PREVIEWS = YES;
				INFOPLIST_FILE = macOS/Info.plist;
				LD_RUNPATH_SEARCH_PATHS = (
					"$(inherited)",
					"@executable_path/../Frameworks",
				);
				MACOSX_DEPLOYMENT_TARGET = 11.0;
				PRODUCT_BUNDLE_IDENTIFIER = me.legolas.ForCreators;
				PRODUCT_NAME = ForCreators;
				SDKROOT = macosx;
				SWIFT_VERSION = 5.0;
			};
			name = Debug;
		};
		A050C20C24EDA585006C11D2 /* Release */ = {
			isa = XCBuildConfiguration;
			buildSettings = {
				ASSETCATALOG_COMPILER_APPICON_NAME = AppIcon;
				ASSETCATALOG_COMPILER_GLOBAL_ACCENT_COLOR_NAME = AccentColor;
				CODE_SIGN_ENTITLEMENTS = macOS/macOS.entitlements;
				CODE_SIGN_STYLE = Automatic;
				COMBINE_HIDPI_IMAGES = YES;
				DEVELOPMENT_TEAM = 4DENVHJV75;
				ENABLE_HARDENED_RUNTIME = YES;
				ENABLE_PREVIEWS = YES;
				INFOPLIST_FILE = macOS/Info.plist;
				LD_RUNPATH_SEARCH_PATHS = (
					"$(inherited)",
					"@executable_path/../Frameworks",
				);
				MACOSX_DEPLOYMENT_TARGET = 11.0;
				PRODUCT_BUNDLE_IDENTIFIER = me.legolas.ForCreators;
				PRODUCT_NAME = ForCreators;
				SDKROOT = macosx;
				SWIFT_VERSION = 5.0;
			};
			name = Release;
		};
		A050C20E24EDA585006C11D2 /* Debug */ = {
			isa = XCBuildConfiguration;
			buildSettings = {
				ALWAYS_EMBED_SWIFT_STANDARD_LIBRARIES = YES;
				CODE_SIGN_STYLE = Automatic;
				DEVELOPMENT_TEAM = 4DENVHJV75;
				INFOPLIST_FILE = "Tests iOS/Info.plist";
				IPHONEOS_DEPLOYMENT_TARGET = 14.0;
				LD_RUNPATH_SEARCH_PATHS = (
					"$(inherited)",
					"@executable_path/Frameworks",
					"@loader_path/Frameworks",
				);
				PRODUCT_BUNDLE_IDENTIFIER = "me.legolas.Tests-iOS";
				PRODUCT_NAME = "$(TARGET_NAME)";
				SDKROOT = iphoneos;
				SWIFT_VERSION = 5.0;
				TARGETED_DEVICE_FAMILY = "1,2";
				TEST_TARGET_NAME = "ForCreators (iOS)";
			};
			name = Debug;
		};
		A050C20F24EDA585006C11D2 /* Release */ = {
			isa = XCBuildConfiguration;
			buildSettings = {
				ALWAYS_EMBED_SWIFT_STANDARD_LIBRARIES = YES;
				CODE_SIGN_STYLE = Automatic;
				DEVELOPMENT_TEAM = 4DENVHJV75;
				INFOPLIST_FILE = "Tests iOS/Info.plist";
				IPHONEOS_DEPLOYMENT_TARGET = 14.0;
				LD_RUNPATH_SEARCH_PATHS = (
					"$(inherited)",
					"@executable_path/Frameworks",
					"@loader_path/Frameworks",
				);
				PRODUCT_BUNDLE_IDENTIFIER = "me.legolas.Tests-iOS";
				PRODUCT_NAME = "$(TARGET_NAME)";
				SDKROOT = iphoneos;
				SWIFT_VERSION = 5.0;
				TARGETED_DEVICE_FAMILY = "1,2";
				TEST_TARGET_NAME = "ForCreators (iOS)";
				VALIDATE_PRODUCT = YES;
			};
			name = Release;
		};
		A050C21124EDA585006C11D2 /* Debug */ = {
			isa = XCBuildConfiguration;
			buildSettings = {
				ALWAYS_EMBED_SWIFT_STANDARD_LIBRARIES = YES;
				CODE_SIGN_STYLE = Automatic;
				COMBINE_HIDPI_IMAGES = YES;
				DEVELOPMENT_TEAM = 4DENVHJV75;
				INFOPLIST_FILE = "Tests macOS/Info.plist";
				LD_RUNPATH_SEARCH_PATHS = (
					"$(inherited)",
					"@executable_path/../Frameworks",
					"@loader_path/../Frameworks",
				);
				MACOSX_DEPLOYMENT_TARGET = 11.0;
				PRODUCT_BUNDLE_IDENTIFIER = "me.legolas.Tests-macOS";
				PRODUCT_NAME = "$(TARGET_NAME)";
				SDKROOT = macosx;
				SWIFT_VERSION = 5.0;
				TEST_TARGET_NAME = "ForCreators (macOS)";
			};
			name = Debug;
		};
		A050C21224EDA585006C11D2 /* Release */ = {
			isa = XCBuildConfiguration;
			buildSettings = {
				ALWAYS_EMBED_SWIFT_STANDARD_LIBRARIES = YES;
				CODE_SIGN_STYLE = Automatic;
				COMBINE_HIDPI_IMAGES = YES;
				DEVELOPMENT_TEAM = 4DENVHJV75;
				INFOPLIST_FILE = "Tests macOS/Info.plist";
				LD_RUNPATH_SEARCH_PATHS = (
					"$(inherited)",
					"@executable_path/../Frameworks",
					"@loader_path/../Frameworks",
				);
				MACOSX_DEPLOYMENT_TARGET = 11.0;
				PRODUCT_BUNDLE_IDENTIFIER = "me.legolas.Tests-macOS";
				PRODUCT_NAME = "$(TARGET_NAME)";
				SDKROOT = macosx;
				SWIFT_VERSION = 5.0;
				TEST_TARGET_NAME = "ForCreators (macOS)";
			};
			name = Release;
		};
/* End XCBuildConfiguration section */

/* Begin XCConfigurationList section */
		A01965C324F21324000F6030 /* Build configuration list for PBXNativeTarget "LegolasDemo Extension" */ = {
			isa = XCConfigurationList;
			buildConfigurations = (
				A01965C124F21324000F6030 /* Debug */,
				A01965C224F21324000F6030 /* Release */,
			);
			defaultConfigurationIsVisible = 0;
			defaultConfigurationName = Release;
		};
		A01965C424F21324000F6030 /* Build configuration list for PBXNativeTarget "LegolasDemo" */ = {
			isa = XCConfigurationList;
			buildConfigurations = (
				A01965BE24F21324000F6030 /* Debug */,
				A01965BF24F21324000F6030 /* Release */,
			);
			defaultConfigurationIsVisible = 0;
			defaultConfigurationName = Release;
		};
		A050C1D424EDA583006C11D2 /* Build configuration list for PBXProject "ForCreators" */ = {
			isa = XCConfigurationList;
			buildConfigurations = (
				A050C20524EDA585006C11D2 /* Debug */,
				A050C20624EDA585006C11D2 /* Release */,
			);
			defaultConfigurationIsVisible = 0;
			defaultConfigurationName = Release;
		};
		A050C20724EDA585006C11D2 /* Build configuration list for PBXNativeTarget "ForCreators (iOS)" */ = {
			isa = XCConfigurationList;
			buildConfigurations = (
				A050C20824EDA585006C11D2 /* Debug */,
				A050C20924EDA585006C11D2 /* Release */,
			);
			defaultConfigurationIsVisible = 0;
			defaultConfigurationName = Release;
		};
		A050C20A24EDA585006C11D2 /* Build configuration list for PBXNativeTarget "ForCreators (macOS)" */ = {
			isa = XCConfigurationList;
			buildConfigurations = (
				A050C20B24EDA585006C11D2 /* Debug */,
				A050C20C24EDA585006C11D2 /* Release */,
			);
			defaultConfigurationIsVisible = 0;
			defaultConfigurationName = Release;
		};
		A050C20D24EDA585006C11D2 /* Build configuration list for PBXNativeTarget "Tests iOS" */ = {
			isa = XCConfigurationList;
			buildConfigurations = (
				A050C20E24EDA585006C11D2 /* Debug */,
				A050C20F24EDA585006C11D2 /* Release */,
			);
			defaultConfigurationIsVisible = 0;
			defaultConfigurationName = Release;
		};
		A050C21024EDA585006C11D2 /* Build configuration list for PBXNativeTarget "Tests macOS" */ = {
			isa = XCConfigurationList;
			buildConfigurations = (
				A050C21124EDA585006C11D2 /* Debug */,
				A050C21224EDA585006C11D2 /* Release */,
			);
			defaultConfigurationIsVisible = 0;
			defaultConfigurationName = Release;
		};
/* End XCConfigurationList section */
	};
	rootObject = A050C1D124EDA583006C11D2 /* Project object */;
}
